{
  "version": 4,
  "terraform_version": "1.4.6",
  "serial": 9,
  "lineage": "f1fb36d9-c484-6847-5a0f-50b91850ecba",
  "outputs": {
    "kubernetes_cluster_host": {
      "value": "34.83.83.200",
      "type": "string"
    },
    "kubernetes_cluster_name": {
      "value": "weather-app-387908-gke",
      "type": "string"
    },
    "project_id": {
      "value": "weather-app-387908",
      "type": "string"
    },
    "region": {
      "value": "us-west1",
      "type": "string"
    }
  },
  "resources": [
    {
      "mode": "data",
      "type": "google_service_account_access_token",
      "name": "default",
      "provider": "provider[\"registry.terraform.io/hashicorp/google\"].impersonation",
      "instances": [
        {
          "schema_version": 0,
          "attributes": {
            "access_token": "ya29.c.b0Aaekm1JqQ3Aw5WNgbNXGhKHejvxIkYAH8T2Z-ZjNdee56go9uGIbBnOH7POK_HbZnAVR41Q64qby17Nc4CwqVU3fWHRcJ82IByvzlwNK5uVHJjF-3o7wZFqJPxlkrReZ-hMFzQWCzDQt-H3O1NT-X5KRK30pe556cl3_gtIyggQzbkGddobGCEzwAPyeO627u1dFZfh0zC5-dzOZPOllRC8dMBal1qZNuIzgIM9xLhVyULVgg6Zgms_BZQibGNyXaL0LSfnWs5VSuHce_-7aUA--cUDrmKAM2m4YOF_2vQ8HnO4mwCs89Z20B2WozTDcba-q5l_qGIl5UMt3f3IU6w0Ti9UTNLAXEKshrU6EDOOVpydvYmlJEKD3Ns8PnqNm-Fz3q3gVOEQRexCSqy8lqrHpdXSDFsIyzy-7twZCb4jbJJAvFP9EK5Kr-u8aMhI6qDg-6xjIp8qhYNPLKj20SbrMfg7tpBAwjrnIaOezBXMYCtYRfKhkXPSc87TFuufJ1Kz0uWhlPwtbX2uPS8b4jYuNMhctfVJBVXIDZXDyC6cAQz9TRe8yoekUiNYdTyur889j3YQovwLwa5BZTk14OCUD_uN5lwBCEB6pu1maE625DrRMi8rF6kROmBIpmqBjtVvaMO5qXnViw-n0O4azbzOUZhtzY7wogl3fbjyYdF-Mbnjhq3z8QOWyBqxuM_zMbRfkuf_7qtrSs5hxFjzsMbxQbSwUkt2j3571tkmzqMSO9sjdUUWIM-o5Vazsw21M5FmkUoqre4mSfscXSUjuQOwRUpdvVmu3Qnf5QW47US-2vSIUryrQUYa9Qb8lF9laq5kzflFZUOx5eyroclZd9U9q377x5OhU4zYYph8aYq7XbWy7tSJdFsnbd06j5Xx6jUV6sbR1wWVtWgU2pa2nsZzByM5jnV5XX4e-mpRx6bMMpURQB7Rxq6RW7O_f1tY99dpRZj63RpyzkpmuBkrU34p4nYB1bhjqosX0Z9n1SvmgazhMUtFB4jh",
            "delegates": null,
            "id": "projects/-/serviceAccounts/terraform-automation@weather-app-387908.iam.gserviceaccount.com",
            "lifetime": "1200s",
            "scopes": [
              "cloud-platform",
              "userinfo-email"
            ],
            "target_service_account": "terraform-automation@weather-app-387908.iam.gserviceaccount.com"
          },
          "sensitive_attributes": []
        }
      ]
    },
    {
      "mode": "managed",
      "type": "google_compute_network",
      "name": "vpc",
      "provider": "provider[\"registry.terraform.io/hashicorp/google\"]",
      "instances": [
        {
          "schema_version": 0,
          "attributes": {
            "auto_create_subnetworks": false,
            "delete_default_routes_on_create": false,
            "description": "",
            "enable_ula_internal_ipv6": false,
            "gateway_ipv4": "",
            "id": "projects/weather-app-387908/global/networks/weather-app-387908-vpc",
            "internal_ipv6_range": "",
            "mtu": 0,
            "name": "weather-app-387908-vpc",
            "network_firewall_policy_enforcement_order": "AFTER_CLASSIC_FIREWALL",
            "project": "weather-app-387908",
            "routing_mode": "REGIONAL",
            "self_link": "https://www.googleapis.com/compute/v1/projects/weather-app-387908/global/networks/weather-app-387908-vpc",
            "timeouts": null
          },
          "sensitive_attributes": [],
          "private": "eyJlMmJmYjczMC1lY2FhLTExZTYtOGY4OC0zNDM2M2JjN2M0YzAiOnsiY3JlYXRlIjoxMjAwMDAwMDAwMDAwLCJkZWxldGUiOjEyMDAwMDAwMDAwMDAsInVwZGF0ZSI6MTIwMDAwMDAwMDAwMH19",
          "dependencies": [
            "data.google_service_account_access_token.default"
          ]
        }
      ]
    },
    {
      "mode": "managed",
      "type": "google_compute_subnetwork",
      "name": "subnet",
      "provider": "provider[\"registry.terraform.io/hashicorp/google\"]",
      "instances": [
        {
          "schema_version": 0,
          "attributes": {
            "creation_timestamp": "2023-05-26T02:12:37.478-07:00",
            "description": "",
            "external_ipv6_prefix": "",
            "fingerprint": null,
            "gateway_address": "10.1.0.1",
            "id": "projects/weather-app-387908/regions/us-west1/subnetworks/weather-app-387908-gke-subnet",
            "ip_cidr_range": "10.1.0.0/24",
            "ipv6_access_type": "",
            "ipv6_cidr_range": "",
            "log_config": [],
            "name": "weather-app-387908-gke-subnet",
            "network": "https://www.googleapis.com/compute/v1/projects/weather-app-387908/global/networks/weather-app-387908-vpc",
            "private_ip_google_access": true,
            "private_ipv6_google_access": "DISABLE_GOOGLE_ACCESS",
            "project": "weather-app-387908",
            "purpose": "PRIVATE",
            "region": "us-west1",
            "role": "",
            "secondary_ip_range": [],
            "self_link": "https://www.googleapis.com/compute/v1/projects/weather-app-387908/regions/us-west1/subnetworks/weather-app-387908-gke-subnet",
            "stack_type": "IPV4_ONLY",
            "timeouts": null
          },
          "sensitive_attributes": [],
          "private": "eyJlMmJmYjczMC1lY2FhLTExZTYtOGY4OC0zNDM2M2JjN2M0YzAiOnsiY3JlYXRlIjoxMjAwMDAwMDAwMDAwLCJkZWxldGUiOjEyMDAwMDAwMDAwMDAsInVwZGF0ZSI6MTIwMDAwMDAwMDAwMH19",
          "dependencies": [
            "data.google_service_account_access_token.default",
            "google_compute_network.vpc"
          ]
        }
      ]
    },
    {
      "mode": "managed",
      "type": "google_container_cluster",
      "name": "primary",
      "provider": "provider[\"registry.terraform.io/hashicorp/google\"]",
      "instances": [
        {
          "schema_version": 1,
          "attributes": {
            "addons_config": [
              {
                "cloudrun_config": [],
                "config_connector_config": [],
                "dns_cache_config": [],
                "gce_persistent_disk_csi_driver_config": [
                  {
                    "enabled": true
                  }
                ],
                "gcp_filestore_csi_driver_config": [],
                "gke_backup_agent_config": [],
                "horizontal_pod_autoscaling": [],
                "http_load_balancing": [],
                "network_policy_config": [
                  {
                    "disabled": true
                  }
                ]
              }
            ],
            "authenticator_groups_config": [],
            "binary_authorization": [
              {
                "enabled": false,
                "evaluation_mode": ""
              }
            ],
            "cluster_autoscaling": [
              {
                "auto_provisioning_defaults": [],
                "enabled": false,
                "resource_limits": []
              }
            ],
            "cluster_ipv4_cidr": "10.112.0.0/14",
            "confidential_nodes": [],
            "cost_management_config": [],
            "database_encryption": [
              {
                "key_name": "",
                "state": "DECRYPTED"
              }
            ],
            "datapath_provider": "",
            "default_max_pods_per_node": null,
            "default_snat_status": [
              {
                "disabled": false
              }
            ],
            "description": "",
            "dns_config": [],
            "enable_autopilot": false,
            "enable_binary_authorization": false,
            "enable_intranode_visibility": false,
            "enable_kubernetes_alpha": false,
            "enable_l4_ilb_subsetting": false,
            "enable_legacy_abac": false,
            "enable_shielded_nodes": true,
            "enable_tpu": false,
            "endpoint": "34.83.83.200",
            "gateway_api_config": [],
            "id": "projects/weather-app-387908/locations/us-west1-a/clusters/weather-app-387908-gke",
            "initial_node_count": 1,
            "ip_allocation_policy": [],
            "label_fingerprint": "a9dc16a7",
            "location": "us-west1-a",
            "logging_config": [
              {
                "enable_components": [
                  "SYSTEM_COMPONENTS",
                  "WORKLOADS"
                ]
              }
            ],
            "logging_service": "logging.googleapis.com/kubernetes",
            "maintenance_policy": [],
            "master_auth": [
              {
                "client_certificate": "",
                "client_certificate_config": [
                  {
                    "issue_client_certificate": false
                  }
                ],
                "client_key": "",
                "cluster_ca_certificate": "LS0tLS1CRUdJTiBDRVJUSUZJQ0FURS0tLS0tCk1JSUVMVENDQXBXZ0F3SUJBZ0lSQUpOTXR6TXJ0d3QyNWdJRTVhYVZWMFF3RFFZSktvWklodmNOQVFFTEJRQXcKTHpFdE1Dc0dBMVVFQXhNa05EQmtNVGd6WkdJdE9HWXpPQzAwTkRNd0xUaGpPVFl0TTJObFpUazBZakUxTVdZMgpNQ0FYRFRJek1EVXlOakE0TWpNME9Gb1lEekl3TlRNd05URTRNRGt5TXpRNFdqQXZNUzB3S3dZRFZRUURFeVEwCk1HUXhPRE5rWWkwNFpqTTRMVFEwTXpBdE9HTTVOaTB6WTJWbE9UUmlNVFV4WmpZd2dnR2lNQTBHQ1NxR1NJYjMKRFFFQkFRVUFBNElCandBd2dnR0tBb0lCZ1FEVFU2ZDlQcW55azg3SjVwci9jRGNSNkk2MVpVT28zTm5HaHd5egpTb2YzcExaZnJDdGFBcnUwVTJ3NEdIcktGN1NvOHlrMU0zRjhjN1VyN2N5Nzk4SUJXN25zRFZUR1Z1TkVRaGhmCnBhUXVZT3NHWFRLajdWNTlKYWVkaERzZVJ5aFY3MW8wajhiZGhJRDZtanBDcVZMZGVDc24wcUlzU29DWXpweGgKNVJ2NmlTRjEzVnJ1RU1xYmppZWdoMjdzNWFXaUZzUEsvUjRZRDNwam1DREFSTGw5TUo5VkZVM2gyakQ5Z3Vjawo4ZjNRVjNJRzRvU2VDWWM0anZmZXVjRUJNMlhUcUZRTlhoZ3RtOCtHT0s0dDhDTTg4WXcwbWhtN2lrWHZBQkwxClM1NTZyV1d1RnRMbTlyMjFCKzF3QlczdFloL1dtdC8yNHQ3MlNncHYxeEgzWEUxYjdRb0dWNm5oK3dGajZSWEMKUmdvM3ZVOWdCdkkxU01nSi84NTlkT3hFUVAwVnZtRkN2akhxZHFoTFYxcFZIZnNHenR0clp2ZnlDdHJDNE1CYwpWeTFGaWZnS0tMVlliVlk5S09ic1owZ1NvaGIzbVltN1VQd3NrNTFDNmdIWFVWdkgzeWQ2SjZ1c3NSZjVndVhxCmJhMXltRzEzTFFNemR5WEJlbzk4TEhpd3A4OENBd0VBQWFOQ01FQXdEZ1lEVlIwUEFRSC9CQVFEQWdJRU1BOEcKQTFVZEV3RUIvd1FGTUFNQkFmOHdIUVlEVlIwT0JCWUVGRzJvaGxkVndyZEx2U1Z1cVVCWXQ4bGdjTnlYTUEwRwpDU3FHU0liM0RRRUJDd1VBQTRJQmdRQXRkbFg2aHU1UE02K243REgyVDlXVXhQemFDdEx3dHc0TFNrTzd2KytkCkNKMFlDbnVoQzlaTmtYZC8yOVBoRnRZU2Vwb0hJWENaUUl3TERtV0d4M1ZNN3ZvZjh6M1dhN1pCbUZEZ2YyTSsKREhiSFdoZ1F4Tm9kOTN4aThDUXVVdkErM21mTkJFcWFTMFFSSmw5eHo5L2ZZbFlHWHFKTW12Y091ek5kaUpTUgplNXc1N0dMZnNpbm11Y0dQMjhBeTc3YWFweFlwWFJXUFBncTVTSGRuaWhSOE54b0xvWHd6b0pDaHUva2pBQUZzCnF5WkRmTVpPV3hobkZVOGcwQ2FuU3JTTy9wY1dCZmgvUTgwUksvV1h0cWtTTFQ0VEIwK0RJRHVUMGMrQnlVbG8KeWJXaUZwL1QzQTUwTWtvQjJZN3NPdEw2dnlkMzRpTmF4RCtoRThKc1lXY3dIWVFVd2pFcnJuT0FYMEM5U2FoOApsWjd0WDQ4M09aQ3hQSTRxNmd4V3h5MkI4Z2VETnAvUVFFUDM1ODdqekdIRC9ycFNWa1VDV0ZsUW4rS1I4N1d4Clk3dllIZSttdTNVTmV4aW95NFliV1VFL0pkajN3a2lzcWlNRjZsbHQwUDFmNFI1a2NMZUpMK2syTFMrays4ZkoKNTdaVitkYXp1K3psR3BZVmV4UStvbWM9Ci0tLS0tRU5EIENFUlRJRklDQVRFLS0tLS0K"
              }
            ],
            "master_authorized_networks_config": [],
            "master_version": "1.25.8-gke.500",
            "mesh_certificates": [],
            "min_master_version": null,
            "monitoring_config": [
              {
                "enable_components": [
                  "SYSTEM_COMPONENTS"
                ],
                "managed_prometheus": []
              }
            ],
            "monitoring_service": "monitoring.googleapis.com/kubernetes",
            "name": "weather-app-387908-gke",
            "network": "projects/weather-app-387908/global/networks/weather-app-387908-vpc",
            "network_policy": [
              {
                "enabled": false,
                "provider": "PROVIDER_UNSPECIFIED"
              }
            ],
            "networking_mode": "ROUTES",
            "node_config": [
              {
                "advanced_machine_features": [],
                "boot_disk_kms_key": "",
                "disk_size_gb": 100,
                "disk_type": "pd-balanced",
                "ephemeral_storage_local_ssd_config": [],
                "gcfs_config": [],
                "guest_accelerator": [],
                "gvnic": [],
                "image_type": "COS_CONTAINERD",
                "kubelet_config": [],
                "labels": {},
                "linux_node_config": [],
                "local_nvme_ssd_block_config": [],
                "local_ssd_count": 0,
                "logging_variant": "DEFAULT",
                "machine_type": "e2-micro",
                "metadata": {
                  "disable-legacy-endpoints": "true"
                },
                "min_cpu_platform": "",
                "node_group": "",
                "oauth_scopes": [
                  "https://www.googleapis.com/auth/devstorage.read_only",
                  "https://www.googleapis.com/auth/logging.write",
                  "https://www.googleapis.com/auth/monitoring",
                  "https://www.googleapis.com/auth/service.management.readonly",
                  "https://www.googleapis.com/auth/servicecontrol",
                  "https://www.googleapis.com/auth/trace.append"
                ],
                "preemptible": false,
                "reservation_affinity": [],
                "resource_labels": {},
                "service_account": "default",
                "shielded_instance_config": [
                  {
                    "enable_integrity_monitoring": true,
                    "enable_secure_boot": false
                  }
                ],
                "spot": false,
                "tags": [],
                "taint": [],
                "workload_metadata_config": []
              }
            ],
            "node_locations": [],
            "node_pool": [
              {
                "autoscaling": [],
                "initial_node_count": 1,
                "instance_group_urls": [
                  "https://www.googleapis.com/compute/v1/projects/weather-app-387908/zones/us-west1-a/instanceGroupManagers/gke-weather-app-387908-g-default-pool-b5aed6a5-grp"
                ],
                "managed_instance_group_urls": [
                  "https://www.googleapis.com/compute/v1/projects/weather-app-387908/zones/us-west1-a/instanceGroups/gke-weather-app-387908-g-default-pool-b5aed6a5-grp"
                ],
                "management": [
                  {
                    "auto_repair": true,
                    "auto_upgrade": true
                  }
                ],
                "max_pods_per_node": 0,
                "name": "default-pool",
                "name_prefix": "",
                "network_config": [
                  {
                    "create_pod_range": false,
                    "enable_private_nodes": false,
                    "pod_cidr_overprovision_config": [],
                    "pod_ipv4_cidr_block": "",
                    "pod_range": ""
                  }
                ],
                "node_config": [
                  {
                    "advanced_machine_features": [],
                    "boot_disk_kms_key": "",
                    "disk_size_gb": 100,
                    "disk_type": "pd-balanced",
                    "ephemeral_storage_local_ssd_config": [],
                    "gcfs_config": [],
                    "guest_accelerator": [],
                    "gvnic": [],
                    "image_type": "COS_CONTAINERD",
                    "kubelet_config": [],
                    "labels": {},
                    "linux_node_config": [],
                    "local_nvme_ssd_block_config": [],
                    "local_ssd_count": 0,
                    "logging_variant": "DEFAULT",
                    "machine_type": "e2-micro",
                    "metadata": {
                      "disable-legacy-endpoints": "true"
                    },
                    "min_cpu_platform": "",
                    "node_group": "",
                    "oauth_scopes": [
                      "https://www.googleapis.com/auth/devstorage.read_only",
                      "https://www.googleapis.com/auth/logging.write",
                      "https://www.googleapis.com/auth/monitoring",
                      "https://www.googleapis.com/auth/service.management.readonly",
                      "https://www.googleapis.com/auth/servicecontrol",
                      "https://www.googleapis.com/auth/trace.append"
                    ],
                    "preemptible": false,
                    "reservation_affinity": [],
                    "resource_labels": {},
                    "service_account": "default",
                    "shielded_instance_config": [
                      {
                        "enable_integrity_monitoring": true,
                        "enable_secure_boot": false
                      }
                    ],
                    "spot": false,
                    "tags": [],
                    "taint": [],
                    "workload_metadata_config": []
                  }
                ],
                "node_count": 1,
                "node_locations": [
                  "us-west1-a"
                ],
                "placement_policy": [],
                "upgrade_settings": [
                  {
                    "blue_green_settings": [],
                    "max_surge": 1,
                    "max_unavailable": 0,
                    "strategy": "SURGE"
                  }
                ],
                "version": "1.25.8-gke.500"
              }
            ],
            "node_pool_defaults": [
              {
                "node_config_defaults": [
                  {
                    "logging_variant": "DEFAULT"
                  }
                ]
              }
            ],
            "node_version": "1.25.8-gke.500",
            "notification_config": [
              {
                "pubsub": [
                  {
                    "enabled": false,
                    "filter": [],
                    "topic": ""
                  }
                ]
              }
            ],
            "operation": null,
            "private_cluster_config": [
              {
                "enable_private_endpoint": false,
                "enable_private_nodes": false,
                "master_global_access_config": [
                  {
                    "enabled": false
                  }
                ],
                "master_ipv4_cidr_block": "",
                "peering_name": "",
                "private_endpoint": "10.1.0.2",
                "private_endpoint_subnetwork": "",
                "public_endpoint": "34.83.83.200"
              }
            ],
            "private_ipv6_google_access": "",
            "project": "weather-app-387908",
            "release_channel": [
              {
                "channel": "REGULAR"
              }
            ],
            "remove_default_node_pool": null,
            "resource_labels": {},
            "resource_usage_export_config": [],
            "self_link": "https://container.googleapis.com/v1/projects/weather-app-387908/zones/us-west1-a/clusters/weather-app-387908-gke",
            "service_external_ips_config": [
              {
                "enabled": false
              }
            ],
            "services_ipv4_cidr": "10.115.240.0/20",
            "subnetwork": "projects/weather-app-387908/regions/us-west1/subnetworks/weather-app-387908-gke-subnet",
            "timeouts": null,
            "tpu_ipv4_cidr_block": "",
            "vertical_pod_autoscaling": [],
            "workload_identity_config": []
          },
          "sensitive_attributes": [],
          "private": "eyJlMmJmYjczMC1lY2FhLTExZTYtOGY4OC0zNDM2M2JjN2M0YzAiOnsiY3JlYXRlIjoyNDAwMDAwMDAwMDAwLCJkZWxldGUiOjI0MDAwMDAwMDAwMDAsInJlYWQiOjI0MDAwMDAwMDAwMDAsInVwZGF0ZSI6MzYwMDAwMDAwMDAwMH0sInNjaGVtYV92ZXJzaW9uIjoiMSJ9",
          "dependencies": [
            "data.google_service_account_access_token.default",
            "google_compute_network.vpc",
            "google_compute_subnetwork.subnet"
          ]
        }
      ]
    }
  ],
  "check_results": null
}
