{
  "version": 4,
  "terraform_version": "1.4.6",
  "serial": 12,
  "lineage": "f1fb36d9-c484-6847-5a0f-50b91850ecba",
  "outputs": {
    "kubernetes_cluster_host": {
      "value": "34.105.84.232",
      "type": "string"
    },
    "kubernetes_cluster_name": {
      "value": "weather-app-387908-gke",
      "type": "string"
    },
    "project_id": {
      "value": "weather-app-387908",
      "type": "string"
    },
    "region": {
      "value": "us-west1",
      "type": "string"
    }
  },
  "resources": [
    {
      "mode": "data",
      "type": "google_service_account_access_token",
      "name": "default",
      "provider": "provider[\"registry.terraform.io/hashicorp/google\"].impersonation",
      "instances": [
        {
          "schema_version": 0,
          "attributes": {
            "access_token": "ya29.c.b0Aaekm1KTq2DD8XLpwt9o1BOL2pBXQ2Nyb7NsBSkLRs2PM2MWyWhz0QkDq6zYXs_aXylwEG-HJeGt61R3keS9gvZhVHOCjCoC0XRIGTecEozh_sbsE-tjuzY8kHONF6i2LwAycuxOij7EbolkyEihhYg0ylSSaVsSWxOoD5Df8qmW8hl9yz1deyNAW-S4d1Pgh60JWEEOwxGERYN9Qtiv_KHk7xP5xtRnyXSsy-dML6GnIja4RkjsxuzIrN0L5qEpH-QEcg3raQurcSYv3BEIEiADIBCarESsNCjYVe1Lyj-BdOkMwGDC6cKBvZnDYJznIhnss1cn-qNNTh2_9f6Rh0yP-Ev74Urk6oWvic8vpdwpQbWquNZUjNSkXZYXL83jx9oURYW4GGAcE9Ms5Q0xEYzYfbFW3yrpe6nQ4AwAgHw7R3WfeRYvUB-mDoN4E_lMRWEe3-BVbAAiE2XRu9QL6q0QdHCj0qKUp8_OvqsjVCfww02J0eD0hvLNXsNyTBkcL-jDf2bEm6-juUSWuWZwMT4mZILK8Rb_Rv9h-KXTe55Mjw99JaygTLpLPVLF82WVEaDGjxAk6fZA7xHj6136HZiYCpNewgq_pGPRtnEH624AszqOQRRofzBqvsjhx2xtZtzBWn_9vVSQB2daU80nOSv3kOkZnoeXV7bgs7iujStdQugdiXyiUBdyyf00klcW2rlYQ_rb863jmiWo18vda4yjkqrS9mIafwblkBkb_z5gMRsbSxJoJfvu_98ZUcBn0rZ92qqF6rSpqUe9dVq-5FYoiykuVS3gftMm24VOSR4JivBdrQVoh-1SrIZ4jmq1vrfv5y6zQtM63ikIoqUnJ-M2I1jVogq97ZsFcJmbWYtoxQl347RytUigvYqmzszXpW89WZ8hMidvy9f3QpJ3c06fmjFvaxIqeRr6Vaorh9d111eUeyO9ll-mrhUVnQtIquUztQdY28ol_t_Y1Skpvu9aqd09-kenXsclz2-9nbRycOg1URoRO1I",
            "delegates": null,
            "id": "projects/-/serviceAccounts/terraform-automation@weather-app-387908.iam.gserviceaccount.com",
            "lifetime": "1200s",
            "scopes": [
              "cloud-platform",
              "userinfo-email"
            ],
            "target_service_account": "terraform-automation@weather-app-387908.iam.gserviceaccount.com"
          },
          "sensitive_attributes": []
        }
      ]
    },
    {
      "mode": "managed",
      "type": "google_compute_network",
      "name": "vpc",
      "provider": "provider[\"registry.terraform.io/hashicorp/google\"]",
      "instances": [
        {
          "schema_version": 0,
          "attributes": {
            "auto_create_subnetworks": false,
            "delete_default_routes_on_create": false,
            "description": "",
            "enable_ula_internal_ipv6": false,
            "gateway_ipv4": "",
            "id": "projects/weather-app-387908/global/networks/weather-app-387908-vpc",
            "internal_ipv6_range": "",
            "mtu": 0,
            "name": "weather-app-387908-vpc",
            "network_firewall_policy_enforcement_order": "AFTER_CLASSIC_FIREWALL",
            "project": "weather-app-387908",
            "routing_mode": "REGIONAL",
            "self_link": "https://www.googleapis.com/compute/v1/projects/weather-app-387908/global/networks/weather-app-387908-vpc",
            "timeouts": null
          },
          "sensitive_attributes": [],
          "private": "eyJlMmJmYjczMC1lY2FhLTExZTYtOGY4OC0zNDM2M2JjN2M0YzAiOnsiY3JlYXRlIjoxMjAwMDAwMDAwMDAwLCJkZWxldGUiOjEyMDAwMDAwMDAwMDAsInVwZGF0ZSI6MTIwMDAwMDAwMDAwMH19",
          "dependencies": [
            "data.google_service_account_access_token.default"
          ]
        }
      ]
    },
    {
      "mode": "managed",
      "type": "google_compute_subnetwork",
      "name": "subnet",
      "provider": "provider[\"registry.terraform.io/hashicorp/google\"]",
      "instances": [
        {
          "schema_version": 0,
          "attributes": {
            "creation_timestamp": "2023-05-26T02:12:37.478-07:00",
            "description": "",
            "external_ipv6_prefix": "",
            "fingerprint": null,
            "gateway_address": "10.1.0.1",
            "id": "projects/weather-app-387908/regions/us-west1/subnetworks/weather-app-387908-gke-subnet",
            "ip_cidr_range": "10.1.0.0/24",
            "ipv6_access_type": "",
            "ipv6_cidr_range": "",
            "log_config": [],
            "name": "weather-app-387908-gke-subnet",
            "network": "https://www.googleapis.com/compute/v1/projects/weather-app-387908/global/networks/weather-app-387908-vpc",
            "private_ip_google_access": true,
            "private_ipv6_google_access": "DISABLE_GOOGLE_ACCESS",
            "project": "weather-app-387908",
            "purpose": "PRIVATE",
            "region": "us-west1",
            "role": "",
            "secondary_ip_range": [],
            "self_link": "https://www.googleapis.com/compute/v1/projects/weather-app-387908/regions/us-west1/subnetworks/weather-app-387908-gke-subnet",
            "stack_type": "IPV4_ONLY",
            "timeouts": null
          },
          "sensitive_attributes": [],
          "private": "eyJlMmJmYjczMC1lY2FhLTExZTYtOGY4OC0zNDM2M2JjN2M0YzAiOnsiY3JlYXRlIjoxMjAwMDAwMDAwMDAwLCJkZWxldGUiOjEyMDAwMDAwMDAwMDAsInVwZGF0ZSI6MTIwMDAwMDAwMDAwMH19",
          "dependencies": [
            "data.google_service_account_access_token.default",
            "google_compute_network.vpc"
          ]
        }
      ]
    },
    {
      "mode": "managed",
      "type": "google_container_cluster",
      "name": "primary",
      "provider": "provider[\"registry.terraform.io/hashicorp/google\"]",
      "instances": [
        {
          "schema_version": 1,
          "attributes": {
            "addons_config": [
              {
                "cloudrun_config": [],
                "config_connector_config": [],
                "dns_cache_config": [],
                "gce_persistent_disk_csi_driver_config": [
                  {
                    "enabled": true
                  }
                ],
                "gcp_filestore_csi_driver_config": [],
                "gke_backup_agent_config": [],
                "horizontal_pod_autoscaling": [],
                "http_load_balancing": [],
                "network_policy_config": [
                  {
                    "disabled": true
                  }
                ]
              }
            ],
            "authenticator_groups_config": [],
            "binary_authorization": [
              {
                "enabled": false,
                "evaluation_mode": ""
              }
            ],
            "cluster_autoscaling": [
              {
                "auto_provisioning_defaults": [],
                "enabled": false,
                "resource_limits": []
              }
            ],
            "cluster_ipv4_cidr": "10.112.0.0/14",
            "confidential_nodes": [],
            "cost_management_config": [],
            "database_encryption": [
              {
                "key_name": "",
                "state": "DECRYPTED"
              }
            ],
            "datapath_provider": "",
            "default_max_pods_per_node": null,
            "default_snat_status": [
              {
                "disabled": false
              }
            ],
            "description": "",
            "dns_config": [],
            "enable_autopilot": false,
            "enable_binary_authorization": false,
            "enable_intranode_visibility": false,
            "enable_kubernetes_alpha": false,
            "enable_l4_ilb_subsetting": false,
            "enable_legacy_abac": false,
            "enable_shielded_nodes": true,
            "enable_tpu": false,
            "endpoint": "34.105.84.232",
            "gateway_api_config": [],
            "id": "projects/weather-app-387908/locations/us-west1-a/clusters/weather-app-387908-gke",
            "initial_node_count": 1,
            "ip_allocation_policy": [],
            "label_fingerprint": "a9dc16a7",
            "location": "us-west1-a",
            "logging_config": [
              {
                "enable_components": [
                  "SYSTEM_COMPONENTS",
                  "WORKLOADS"
                ]
              }
            ],
            "logging_service": "logging.googleapis.com/kubernetes",
            "maintenance_policy": [],
            "master_auth": [
              {
                "client_certificate": "",
                "client_certificate_config": [
                  {
                    "issue_client_certificate": false
                  }
                ],
                "client_key": "",
                "cluster_ca_certificate": "LS0tLS1CRUdJTiBDRVJUSUZJQ0FURS0tLS0tCk1JSUVMRENDQXBTZ0F3SUJBZ0lRTERqQTJTNlFTNlZyWlNmZUg5MXNiakFOQmdrcWhraUc5dzBCQVFzRkFEQXYKTVMwd0t3WURWUVFERXlSbVl6ZzVZbVUyTmkxaU9XTTVMVFEzTjJVdFlUTTRPUzB6TVdOaU9XVmtZekk1T1RFdwpJQmNOTWpNd05USTNNRGN3T1RFMFdoZ1BNakExTXpBMU1Ua3dPREE1TVRSYU1DOHhMVEFyQmdOVkJBTVRKR1pqCk9EbGlaVFkyTFdJNVl6a3RORGMzWlMxaE16ZzVMVE14WTJJNVpXUmpNams1TVRDQ0FhSXdEUVlKS29aSWh2Y04KQVFFQkJRQURnZ0dQQURDQ0FZb0NnZ0dCQU1FOVE4eDY3UzZsRjBFMFZUR1RXZFpNNytDajNUZkdnRU9OaG1CRgpCWWZteDkyY1BkZEUvTnRlRFlSYjZNVDhnYTNVUmNjZGx0OHFDQjVXQ01INTkvMFR1Nzk4dkxpV1RZQU1RRzh4Cmx1SEVyNkpMZTRzV1I1M25TelV1ZVBqcjdYWWRrOFBVcjZOQzhRUmVyRUdtMHI1UGhnQzVFQTZqWmFYOFlmUDQKYXd4SEUyV0tFS25nL05NUUcvcFhwZnlyQnI3cDUwVmp6ckwwRjROUkxlZEt3Q3dtSldzUGxpTndPS1l6OHRFWgpFdTNTdXNHbWdvMHYxYXM3dTBFeGQwK1lOeW1sTDZOWTNuSzlWTk1PdmY5Z2p0azJPL09lY3lPSWpqbHpTR1Q2ClFVWkk0QVJieENvMEZnSVZ5bU00MGh2ajhZSGMzY09yaCtwNVIrSkJQUFlCT2R0TFdZUXFDWURDM0xnaHkzYjEKZ056bXk5Y2MzYnRWMCtuaUFDeHo1UVVZYkFQa3NvTEVjeFQxbzA4K1FiYWp1V2xzMXlWZm9ReHd4UTl3WTdYbAplY3Zkc3grUFJiMzhEeHNteTJIZlQ3NVA1ajY1czRuanhkL3pyOUVDdjJMTHl0MHlqZkdKRmpIV1NrVW5LWSttCjhmMnE5V1A2Slplek16R2VPS04vU3BIUGRRSURBUUFCbzBJd1FEQU9CZ05WSFE4QkFmOEVCQU1DQWdRd0R3WUQKVlIwVEFRSC9CQVV3QXdFQi96QWRCZ05WSFE0RUZnUVVod1o1MTdUcTl1TWs3U2JvWTRXMXJYMk1GUk13RFFZSgpLb1pJaHZjTkFRRUxCUUFEZ2dHQkFHNjgvR29hSVQzK2E3YkF3WjRFaGQ5MmhrRmJ4YzVWdkdYZm9vK0pjeExXCnBtT0xTcHZ5VGlOQzFmQzB4OTlseDhkclMvMUpTK1VEZXkvYXZEVjlKVHMwYXUxSGQweXRET2RxbVV3a2F2eUgKKzUySkVWZk5aSis5MkF0RXQ2M2xhTmg4YzN0d2xuNnJ6U2lZdWNpUXc5TEkzamVlc0pBdmlCaGdMaXBQcFBxQgpsaDhlb2FuNTc1WVg2YUFSVVRuMmFiL01NS3h2anJNRWZpNjlTVUtUL1A4dlF6VUhlMUx1ZVdSNzc2UmZCRGtUCjhLUVpnQnNWZ2NhcW00dUl5Z2RLOENxZFc0NDlUcnlxZ0tmallMNkZYQ3lpN0J3emNHY1pCaWkxWjF3T2w4UXQKSjlYUlplTWFLb2dEV0NBNXFRa1hpL2szeHB2Rko3Mzg2NWw3a0tITUlGMEZmOGNkVGRhZitVSXN6TVlrRzA1TQpaOXMraGRDRmNWanZxeVZ0cTkzRzdyVGQ1aEV6OU8rZVdaOE9jS2dsYk5jcXVCZjlxblI5NGxFaFlRRi9KWUpKClFxQlZjVlEyZEpwcy9wVngybVN6S2NMU2tIZjVHRFFzbTZpY2wwcnZYa2F0UUZlT01GdGtxdXlXa1FlNFFldVUKbGJ2U2ErVlN0Zm4vdlVsUnNGTjBWUT09Ci0tLS0tRU5EIENFUlRJRklDQVRFLS0tLS0K"
              }
            ],
            "master_authorized_networks_config": [],
            "master_version": "1.25.8-gke.500",
            "mesh_certificates": [],
            "min_master_version": null,
            "monitoring_config": [
              {
                "enable_components": [
                  "SYSTEM_COMPONENTS"
                ],
                "managed_prometheus": []
              }
            ],
            "monitoring_service": "monitoring.googleapis.com/kubernetes",
            "name": "weather-app-387908-gke",
            "network": "projects/weather-app-387908/global/networks/weather-app-387908-vpc",
            "network_policy": [
              {
                "enabled": false,
                "provider": "PROVIDER_UNSPECIFIED"
              }
            ],
            "networking_mode": "ROUTES",
            "node_config": [],
            "node_locations": [],
            "node_pool": [],
            "node_pool_defaults": [
              {
                "node_config_defaults": [
                  {
                    "logging_variant": "DEFAULT"
                  }
                ]
              }
            ],
            "node_version": "1.25.8-gke.500",
            "notification_config": [
              {
                "pubsub": [
                  {
                    "enabled": false,
                    "filter": [],
                    "topic": ""
                  }
                ]
              }
            ],
            "operation": null,
            "private_cluster_config": [
              {
                "enable_private_endpoint": false,
                "enable_private_nodes": false,
                "master_global_access_config": [
                  {
                    "enabled": false
                  }
                ],
                "master_ipv4_cidr_block": "",
                "peering_name": "",
                "private_endpoint": "10.1.0.4",
                "private_endpoint_subnetwork": "",
                "public_endpoint": "34.105.84.232"
              }
            ],
            "private_ipv6_google_access": "",
            "project": "weather-app-387908",
            "release_channel": [
              {
                "channel": "REGULAR"
              }
            ],
            "remove_default_node_pool": true,
            "resource_labels": null,
            "resource_usage_export_config": [],
            "self_link": "https://container.googleapis.com/v1/projects/weather-app-387908/zones/us-west1-a/clusters/weather-app-387908-gke",
            "service_external_ips_config": [
              {
                "enabled": false
              }
            ],
            "services_ipv4_cidr": "10.115.240.0/20",
            "subnetwork": "projects/weather-app-387908/regions/us-west1/subnetworks/weather-app-387908-gke-subnet",
            "timeouts": null,
            "tpu_ipv4_cidr_block": "",
            "vertical_pod_autoscaling": [],
            "workload_identity_config": []
          },
          "sensitive_attributes": [],
          "private": "eyJlMmJmYjczMC1lY2FhLTExZTYtOGY4OC0zNDM2M2JjN2M0YzAiOnsiY3JlYXRlIjoyNDAwMDAwMDAwMDAwLCJkZWxldGUiOjI0MDAwMDAwMDAwMDAsInJlYWQiOjI0MDAwMDAwMDAwMDAsInVwZGF0ZSI6MzYwMDAwMDAwMDAwMH0sInNjaGVtYV92ZXJzaW9uIjoiMSJ9",
          "dependencies": [
            "data.google_service_account_access_token.default",
            "google_compute_network.vpc",
            "google_compute_subnetwork.subnet"
          ]
        }
      ]
    },
    {
      "mode": "managed",
      "type": "google_container_node_pool",
      "name": "primary_nodes",
      "provider": "provider[\"registry.terraform.io/hashicorp/google\"]",
      "instances": [
        {
          "schema_version": 1,
          "attributes": {
            "autoscaling": [],
            "cluster": "projects/weather-app-387908/locations/us-west1-a/clusters/weather-app-387908-gke",
            "id": "projects/weather-app-387908/locations/us-west1-a/clusters/weather-app-387908-gke/nodePools/primary-node-pool",
            "initial_node_count": 1,
            "instance_group_urls": [
              "https://www.googleapis.com/compute/v1/projects/weather-app-387908/zones/us-west1-a/instanceGroupManagers/gke-weather-app-3879-primary-node-poo-fc503325-grp"
            ],
            "location": "us-west1-a",
            "managed_instance_group_urls": [
              "https://www.googleapis.com/compute/v1/projects/weather-app-387908/zones/us-west1-a/instanceGroups/gke-weather-app-3879-primary-node-poo-fc503325-grp"
            ],
            "management": [
              {
                "auto_repair": true,
                "auto_upgrade": true
              }
            ],
            "max_pods_per_node": null,
            "name": "primary-node-pool",
            "name_prefix": "",
            "network_config": [
              {
                "create_pod_range": false,
                "enable_private_nodes": false,
                "pod_cidr_overprovision_config": [],
                "pod_ipv4_cidr_block": "",
                "pod_range": ""
              }
            ],
            "node_config": [
              {
                "advanced_machine_features": [],
                "boot_disk_kms_key": "",
                "disk_size_gb": 100,
                "disk_type": "pd-balanced",
                "ephemeral_storage_local_ssd_config": [],
                "gcfs_config": [],
                "guest_accelerator": [],
                "gvnic": [],
                "image_type": "COS_CONTAINERD",
                "kubelet_config": [],
                "labels": {},
                "linux_node_config": [],
                "local_nvme_ssd_block_config": [],
                "local_ssd_count": 0,
                "logging_variant": "DEFAULT",
                "machine_type": "e2-small",
                "metadata": {
                  "disable-legacy-endpoints": "true"
                },
                "min_cpu_platform": "",
                "node_group": "",
                "oauth_scopes": [
                  "https://www.googleapis.com/auth/devstorage.read_only",
                  "https://www.googleapis.com/auth/logging.write",
                  "https://www.googleapis.com/auth/monitoring",
                  "https://www.googleapis.com/auth/service.management.readonly",
                  "https://www.googleapis.com/auth/servicecontrol",
                  "https://www.googleapis.com/auth/trace.append"
                ],
                "preemptible": false,
                "reservation_affinity": [],
                "resource_labels": null,
                "service_account": "default",
                "shielded_instance_config": [
                  {
                    "enable_integrity_monitoring": true,
                    "enable_secure_boot": false
                  }
                ],
                "spot": false,
                "tags": null,
                "taint": [],
                "workload_metadata_config": []
              }
            ],
            "node_count": 1,
            "node_locations": [
              "us-west1-a"
            ],
            "operation": null,
            "placement_policy": [],
            "project": "weather-app-387908",
            "timeouts": null,
            "upgrade_settings": [
              {
                "blue_green_settings": [],
                "max_surge": 1,
                "max_unavailable": 0,
                "strategy": "SURGE"
              }
            ],
            "version": "1.25.8-gke.500"
          },
          "sensitive_attributes": [],
          "private": "eyJlMmJmYjczMC1lY2FhLTExZTYtOGY4OC0zNDM2M2JjN2M0YzAiOnsiY3JlYXRlIjoxODAwMDAwMDAwMDAwLCJkZWxldGUiOjE4MDAwMDAwMDAwMDAsInVwZGF0ZSI6MTgwMDAwMDAwMDAwMH0sInNjaGVtYV92ZXJzaW9uIjoiMSJ9",
          "dependencies": [
            "data.google_service_account_access_token.default",
            "google_compute_network.vpc",
            "google_compute_subnetwork.subnet",
            "google_container_cluster.primary"
          ]
        }
      ]
    }
  ],
  "check_results": null
}
